
Microsoft Visual Studio Solution File, Format Version 12.00
# Visual Studio 15
VisualStudioVersion = 15.0.28307.168
MinimumVisualStudioVersion = 10.0.40219.1
Project("{FAE04EC0-301F-11D3-BF4B-00C04F79EFBC}") = "WebForums", "WebForums\WebForums.csproj", "{7171D11C-3E3D-4931-8E41-60CEFEC1CA46}"
EndProject
Global
	GlobalSection(SolutionConfigurationPlatforms) = preSolution
		Debug|Any CPU = Debug|Any CPU
		Release|Any CPU = Release|Any CPU
	EndGlobalSection
	GlobalSection(ProjectConfigurationPlatforms) = postSolution
		{7171D11C-3E3D-4931-8E41-60CEFEC1CA46}.Debug|Any CPU.ActiveCfg = Debug|Any CPU
		{7171D11C-3E3D-4931-8E41-60CEFEC1CA46}.Debug|Any CPU.Build.0 = Debug|Any CPU
		{7171D11C-3E3D-4931-8E41-60CEFEC1CA46}.Release|Any CPU.ActiveCfg = Release|Any CPU
		{7171D11C-3E3D-4931-8E41-60CEFEC1CA46}.Release|Any CPU.Build.0 = Release|Any CPU
	EndGlobalSection
	GlobalSection(SolutionProperties) = preSolution
		HideSolutionNode = FALSE
	EndGlobalSection
	GlobalSection(ExtensibilityGlobals) = postSolution
		SolutionGuid = {FC13F602-B9AE-4D7F-9F88-8699C6D3D58E}
	EndGlobalSection
EndGlobal
